// !$*UTF8*$!
{
	archiveVersion = 1;
	classes = {
	};
	objectVersion = 46;
	objects = {

/* Begin PBXBuildFile section */
		981336401B2867BB001780D4 /* AppDelegate.swift in Sources */ = {isa = PBXBuildFile; fileRef = 9813363F1B2867BB001780D4 /* AppDelegate.swift */; };
		981336421B2867BB001780D4 /* ViewController.swift in Sources */ = {isa = PBXBuildFile; fileRef = 981336411B2867BB001780D4 /* ViewController.swift */; };
		981336451B2867BB001780D4 /* Main.storyboard in Resources */ = {isa = PBXBuildFile; fileRef = 981336431B2867BB001780D4 /* Main.storyboard */; };
		981336471B2867BB001780D4 /* Images.xcassets in Resources */ = {isa = PBXBuildFile; fileRef = 981336461B2867BB001780D4 /* Images.xcassets */; };
		9813364A1B2867BB001780D4 /* LaunchScreen.xib in Resources */ = {isa = PBXBuildFile; fileRef = 981336481B2867BB001780D4 /* LaunchScreen.xib */; };
		981336561B2867BB001780D4 /* PitchPerfectTests.swift in Sources */ = {isa = PBXBuildFile; fileRef = 981336551B2867BB001780D4 /* PitchPerfectTests.swift */; };
		981336641B289790001780D4 /* movie_quote.mp3 in Resources */ = {isa = PBXBuildFile; fileRef = 981336631B289790001780D4 /* movie_quote.mp3 */; };
		981336661B28B0EF001780D4 /* PlaySoundViewController.swift in Sources */ = {isa = PBXBuildFile; fileRef = 981336651B28B0EF001780D4 /* PlaySoundViewController.swift */; };
/* End PBXBuildFile section */

/* Begin PBXContainerItemProxy section */
		981336501B2867BB001780D4 /* PBXContainerItemProxy */ = {
			isa = PBXContainerItemProxy;
			containerPortal = 981336321B2867BA001780D4 /* Project object */;
			proxyType = 1;
			remoteGlobalIDString = 981336391B2867BA001780D4;
			remoteInfo = PitchPerfect;
		};
/* End PBXContainerItemProxy section */

/* Begin PBXFileReference section */
		9813363A1B2867BA001780D4 /* PitchPerfect.app */ = {isa = PBXFileReference; explicitFileType = wrapper.application; includeInIndex = 0; path = PitchPerfect.app; sourceTree = BUILT_PRODUCTS_DIR; };
		9813363E1B2867BB001780D4 /* Info.plist */ = {isa = PBXFileReference; lastKnownFileType = text.plist.xml; path = Info.plist; sourceTree = "<group>"; };
		9813363F1B2867BB001780D4 /* AppDelegate.swift */ = {isa = PBXFileReference; lastKnownFileType = sourcecode.swift; path = AppDelegate.swift; sourceTree = "<group>"; };
		981336411B2867BB001780D4 /* ViewController.swift */ = {isa = PBXFileReference; lastKnownFileType = sourcecode.swift; path = ViewController.swift; sourceTree = "<group>"; };
		981336441B2867BB001780D4 /* Base */ = {isa = PBXFileReference; lastKnownFileType = file.storyboard; name = Base; path = Base.lproj/Main.storyboard; sourceTree = "<group>"; };
		981336461B2867BB001780D4 /* Images.xcassets */ = {isa = PBXFileReference; lastKnownFileType = folder.assetcatalog; path = Images.xcassets; sourceTree = "<group>"; };
		981336491B2867BB001780D4 /* Base */ = {isa = PBXFileReference; lastKnownFileType = file.xib; name = Base; path = Base.lproj/LaunchScreen.xib; sourceTree = "<group>"; };
		9813364F1B2867BB001780D4 /* PitchPerfectTests.xctest */ = {isa = PBXFileReference; explicitFileType = wrapper.cfbundle; includeInIndex = 0; path = PitchPerfectTests.xctest; sourceTree = BUILT_PRODUCTS_DIR; };
		981336541B2867BB001780D4 /* Info.plist */ = {isa = PBXFileReference; lastKnownFileType = text.plist.xml; path = Info.plist; sourceTree = "<group>"; };
		981336551B2867BB001780D4 /* PitchPerfectTests.swift */ = {isa = PBXFileReference; lastKnownFileType = sourcecode.swift; path = PitchPerfectTests.swift; sourceTree = "<group>"; };
		981336631B289790001780D4 /* movie_quote.mp3 */ = {isa = PBXFileReference; lastKnownFileType = audio.mp3; name = movie_quote.mp3; path = ../movie_quote.mp3; sourceTree = "<group>"; };
		981336651B28B0EF001780D4 /* PlaySoundViewController.swift */ = {isa = PBXFileReference; fileEncoding = 4; lastKnownFileType = sourcecode.swift; path = PlaySoundViewController.swift; sourceTree = "<group>"; };
/* End PBXFileReference section */

/* Begin PBXFrameworksBuildPhase section */
		981336371B2867BA001780D4 /* Frameworks */ = {
			isa = PBXFrameworksBuildPhase;
			buildActionMask = 2147483647;
			files = (
			);
			runOnlyForDeploymentPostprocessing = 0;
		};
		9813364C1B2867BB001780D4 /* Frameworks */ = {
			isa = PBXFrameworksBuildPhase;
			buildActionMask = 2147483647;
			files = (
			);
			runOnlyForDeploymentPostprocessing = 0;
		};
/* End PBXFrameworksBuildPhase section */

/* Begin PBXGroup section */
		981336311B2867BA001780D4 = {
			isa = PBXGroup;
			children = (
				9813363C1B2867BA001780D4 /* PitchPerfect */,
				981336521B2867BB001780D4 /* PitchPerfectTests */,
				9813363B1B2867BA001780D4 /* Products */,
			);
			sourceTree = "<group>";
		};
		9813363B1B2867BA001780D4 /* Products */ = {
			isa = PBXGroup;
			children = (
				9813363A1B2867BA001780D4 /* PitchPerfect.app */,
				9813364F1B2867BB001780D4 /* PitchPerfectTests.xctest */,
			);
			name = Products;
			sourceTree = "<group>";
		};
		9813363C1B2867BA001780D4 /* PitchPerfect */ = {
			isa = PBXGroup;
			children = (
				9813363F1B2867BB001780D4 /* AppDelegate.swift */,
				981336411B2867BB001780D4 /* ViewController.swift */,
				981336431B2867BB001780D4 /* Main.storyboard */,
				981336461B2867BB001780D4 /* Images.xcassets */,
				981336481B2867BB001780D4 /* LaunchScreen.xib */,
				981336651B28B0EF001780D4 /* PlaySoundViewController.swift */,
				9813363D1B2867BA001780D4 /* Supporting Files */,
			);
			path = PitchPerfect;
			sourceTree = "<group>";
		};
		9813363D1B2867BA001780D4 /* Supporting Files */ = {
			isa = PBXGroup;
			children = (
				981336631B289790001780D4 /* movie_quote.mp3 */,
				9813363E1B2867BB001780D4 /* Info.plist */,
			);
			name = "Supporting Files";
			sourceTree = "<group>";
		};
		981336521B2867BB001780D4 /* PitchPerfectTests */ = {
			isa = PBXGroup;
			children = (
				981336551B2867BB001780D4 /* PitchPerfectTests.swift */,
				981336531B2867BB001780D4 /* Supporting Files */,
			);
			path = PitchPerfectTests;
			sourceTree = "<group>";
		};
		981336531B2867BB001780D4 /* Supporting Files */ = {
			isa = PBXGroup;
			children = (
				981336541B2867BB001780D4 /* Info.plist */,
			);
			name = "Supporting Files";
			sourceTree = "<group>";
		};
/* End PBXGroup section */

/* Begin PBXNativeTarget section */
		981336391B2867BA001780D4 /* PitchPerfect */ = {
			isa = PBXNativeTarget;
			buildConfigurationList = 981336591B2867BB001780D4 /* Build configuration list for PBXNativeTarget "PitchPerfect" */;
			buildPhases = (
				981336361B2867BA001780D4 /* Sources */,
				981336371B2867BA001780D4 /* Frameworks */,
				981336381B2867BA001780D4 /* Resources */,
			);
			buildRules = (
			);
			dependencies = (
			);
			name = PitchPerfect;
			productName = PitchPerfect;
			productReference = 9813363A1B2867BA001780D4 /* PitchPerfect.app */;
			productType = "com.apple.product-type.application";
		};
		9813364E1B2867BB001780D4 /* PitchPerfectTests */ = {
			isa = PBXNativeTarget;
			buildConfigurationList = 9813365C1B2867BB001780D4 /* Build configuration list for PBXNativeTarget "PitchPerfectTests" */;
			buildPhases = (
				9813364B1B2867BB001780D4 /* Sources */,
				9813364C1B2867BB001780D4 /* Frameworks */,
				9813364D1B2867BB001780D4 /* Resources */,
			);
			buildRules = (
			);
			dependencies = (
				981336511B2867BB001780D4 /* PBXTargetDependency */,
			);
			name = PitchPerfectTests;
			productName = PitchPerfectTests;
			productReference = 9813364F1B2867BB001780D4 /* PitchPerfectTests.xctest */;
			productType = "com.apple.product-type.bundle.unit-test";
		};
/* End PBXNativeTarget section */

/* Begin PBXProject section */
		981336321B2867BA001780D4 /* Project object */ = {
			isa = PBXProject;
			attributes = {
				LastUpgradeCheck = 0630;
				ORGANIZATIONNAME = "Kyle Hodgetts";
				TargetAttributes = {
					981336391B2867BA001780D4 = {
						CreatedOnToolsVersion = 6.3.2;
					};
					9813364E1B2867BB001780D4 = {
						CreatedOnToolsVersion = 6.3.2;
						TestTargetID = 981336391B2867BA001780D4;
					};
				};
			};
			buildConfigurationList = 981336351B2867BA001780D4 /* Build configuration list for PBXProject "PitchPerfect" */;
			compatibilityVersion = "Xcode 3.2";
			developmentRegion = English;
			hasScannedForEncodings = 0;
			knownRegions = (
				en,
				Base,
			);
			mainGroup = 981336311B2867BA001780D4;
			productRefGroup = 9813363B1B2867BA001780D4 /* Products */;
			projectDirPath = "";
			projectRoot = "";
			targets = (
				981336391B2867BA001780D4 /* PitchPerfect */,
				9813364E1B2867BB001780D4 /* PitchPerfectTests */,
			);
		};
/* End PBXProject section */

/* Begin PBXResourcesBuildPhase section */
		981336381B2867BA001780D4 /* Resources */ = {
			isa = PBXResourcesBuildPhase;
			buildActionMask = 2147483647;
			files = (
				981336451B2867BB001780D4 /* Main.storyboard in Resources */,
				9813364A1B2867BB001780D4 /* LaunchScreen.xib in Resources */,
				981336641B289790001780D4 /* movie_quote.mp3 in Resources */,
				981336471B2867BB001780D4 /* Images.xcassets in Resources */,
			);
			runOnlyForDeploymentPostprocessing = 0;
		};
		9813364D1B2867BB001780D4 /* Resources */ = {
			isa = PBXResourcesBuildPhase;
			buildActionMask = 2147483647;
			files = (
			);
			runOnlyForDeploymentPostprocessing = 0;
		};
/* End PBXResourcesBuildPhase section */

/* Begin PBXSourcesBuildPhase section */
		981336361B2867BA001780D4 /* Sources */ = {
			isa = PBXSourcesBuildPhase;
			buildActionMask = 2147483647;
			files = (
				981336421B2867BB001780D4 /* ViewController.swift in Sources */,
				981336661B28B0EF001780D4 /* PlaySoundViewController.swift in Sources */,
				981336401B2867BB001780D4 /* AppDelegate.swift in Sources */,
			);
			runOnlyForDeploymentPostprocessing = 0;
		};
		9813364B1B2867BB001780D4 /* Sources */ = {
			isa = PBXSourcesBuildPhase;
			buildActionMask = 2147483647;
			files = (
				981336561B2867BB001780D4 /* PitchPerfectTests.swift in Sources */,
			);
			runOnlyForDeploymentPostprocessing = 0;
		};
/* End PBXSourcesBuildPhase section */

/* Begin PBXTargetDependency section */
		981336511B2867BB001780D4 /* PBXTargetDependency */ = {
			isa = PBXTargetDependency;
			target = 981336391B2867BA001780D4 /* PitchPerfect */;
			targetProxy = 981336501B2867BB001780D4 /* PBXContainerItemProxy */;
		};
/* End PBXTargetDependency section */

/* Begin PBXVariantGroup section */
		981336431B2867BB001780D4 /* Main.storyboard */ = {
			isa = PBXVariantGroup;
			children = (
				981336441B2867BB001780D4 /* Base */,
			);
			name = Main.storyboard;
			sourceTree = "<group>";
		};
		981336481B2867BB001780D4 /* LaunchScreen.xib */ = {
			isa = PBXVariantGroup;
			children = (
				981336491B2867BB001780D4 /* Base */,
			);
			name = LaunchScreen.xib;
			sourceTree = "<group>";
		};
/* End PBXVariantGroup section */

/* Begin XCBuildConfiguration section */
		981336571B2867BB001780D4 /* Debug */ = {
			isa = XCBuildConfiguration;
			buildSettings = {
				ALWAYS_SEARCH_USER_PATHS = NO;
				CLANG_CXX_LANGUAGE_STANDARD = "gnu++0x";
				CLANG_CXX_LIBRARY = "libc++";
				CLANG_ENABLE_MODULES = YES;
				CLANG_ENABLE_OBJC_ARC = YES;
				CLANG_WARN_BOOL_CONVERSION = YES;
				CLANG_WARN_CONSTANT_CONVERSION = YES;
				CLANG_WARN_DIRECT_OBJC_ISA_USAGE = YES_ERROR;
				CLANG_WARN_EMPTY_BODY = YES;
				CLANG_WARN_ENUM_CONVERSION = YES;
				CLANG_WARN_INT_CONVERSION = YES;
				CLANG_WARN_OBJC_ROOT_CLASS = YES_ERROR;
				CLANG_WARN_UNREACHABLE_CODE = YES;
				CLANG_WARN__DUPLICATE_METHOD_MATCH = YES;
				"CODE_SIGN_IDENTITY[sdk=iphoneos*]" = "iPhone Developer";
				COPY_PHASE_STRIP = NO;
				DEBUG_INFORMATION_FORMAT = "dwarf-with-dsym";
				ENABLE_STRICT_OBJC_MSGSEND = YES;
				GCC_C_LANGUAGE_STANDARD = gnu99;
				GCC_DYNAMIC_NO_PIC = NO;
				GCC_NO_COMMON_BLOCKS = YES;
				GCC_OPTIMIZATION_LEVEL = 0;
				GCC_PREPROCESSOR_DEFINITIONS = (
					"DEBUG=1",
					"$(inherited)",
				);
				GCC_SYMBOLS_PRIVATE_EXTERN = NO;
				GCC_WARN_64_TO_32_BIT_CONVERSION = YES;
				GCC_WARN_ABOUT_RETURN_TYPE = YES_ERROR;
				GCC_WARN_UNDECLARED_SELECTOR = YES;
				GCC_WARN_UNINITIALIZED_AUTOS = YES_AGGRESSIVE;
				GCC_WARN_UNUSED_FUNCTION = YES;
				GCC_WARN_UNUSED_VARIABLE = YES;
				IPHONEOS_DEPLOYMENT_TARGET = 8.3;
				MTL_ENABLE_DEBUG_INFO = YES;
				ONLY_ACTIVE_ARCH = YES;
				SDKROOT = iphoneos;
				SWIFT_OPTIMIZATION_LEVEL = "-Onone";
			};
			name = Debug;
		};
		981336581B2867BB001780D4 /* Release */ = {
			isa = XCBuildConfiguration;
			buildSettings = {
				ALWAYS_SEARCH_USER_PATHS = NO;
				CLANG_CXX_LANGUAGE_STANDARD = "gnu++0x";
				CLANG_CXX_LIBRARY = "libc++";
				CLANG_ENABLE_MODULES = YES;
				CLANG_ENABLE_OBJC_ARC = YES;
				CLANG_WARN_BOOL_CONVERSION = YES;
				CLANG_WARN_CONSTANT_CONVERSION = YES;
				CLANG_WARN_DIRECT_OBJC_ISA_USAGE = YES_ERROR;
				CLANG_WARN_EMPTY_BODY = YES;
				CLANG_WARN_ENUM_CONVERSION = YES;
				CLANG_WARN_INT_CONVERSION = YES;
				CLANG_WARN_OBJC_ROOT_CLASS = YES_ERROR;
				CLANG_WARN_UNREACHABLE_CODE = YES;
				CLANG_WARN__DUPLICATE_METHOD_MATCH = YES;
				"CODE_SIGN_IDENTITY[sdk=iphoneos*]" = "iPhone Developer";
				COPY_PHASE_STRIP = NO;
				DEBUG_INFORMATION_FORMAT = "dwarf-with-dsym";
				ENABLE_NS_ASSERTIONS = NO;
				ENABLE_STRICT_OBJC_MSGSEND = YES;
				GCC_C_LANGUAGE_STANDARD = gnu99;
				GCC_NO_COMMON_BLOCKS = YES;
				GCC_WARN_64_TO_32_BIT_CONVERSION = YES;
				GCC_WARN_ABOUT_RETURN_TYPE = YES_ERROR;
				GCC_WARN_UNDECLARED_SELECTOR = YES;
				GCC_WARN_UNINITIALIZED_AUTOS = YES_AGGRESSIVE;
				GCC_WARN_UNUSED_FUNCTION = YES;
				GCC_WARN_UNUSED_VARIABLE = YES;
				IPHONEOS_DEPLOYMENT_TARGET = 8.3;
				MTL_ENABLE_DEBUG_INFO = NO;
				SDKROOT = iphoneos;
				VALIDATE_PRODUCT = YES;
			};
			name = Release;
		};
		9813365A1B2867BB001780D4 /* Debug */ = {
			isa = XCBuildConfiguration;
			buildSettings = {
				ASSETCATALOG_COMPILER_APPICON_NAME = AppIcon;
				INFOPLIST_FILE = PitchPerfect/Info.plist;
				LD_RUNPATH_SEARCH_PATHS = "$(inherited) @executable_path/Frameworks";
				PRODUCT_NAME = "$(TARGET_NAME)";
			};
			name = Debug;
		};
		9813365B1B2867BB001780D4 /* Release */ = {
			isa = XCBuildConfiguration;
			buildSettings = {
				ASSETCATALOG_COMPILER_APPICON_NAME = AppIcon;
				INFOPLIST_FILE = PitchPerfect/Info.plist;
				LD_RUNPATH_SEARCH_PATHS = "$(inherited) @executable_path/Frameworks";
				PRODUCT_NAME = "$(TARGET_NAME)";
			};
			name = Release;
		};
		9813365D1B2867BB001780D4 /* Debug */ = {
			isa = XCBuildConfiguration;
			buildSettings = {
				BUNDLE_LOADER = "$(TEST_HOST)";
				FRAMEWORK_SEARCH_PATHS = (
					"$(SDKROOT)/Developer/Library/Frameworks",
					"$(inherited)",
				);
				GCC_PREPROCESSOR_DEFINITIONS = (
					"DEBUG=1",
					"$(inherited)",
				);
				INFOPLIST_FILE = PitchPerfectTests/Info.plist;
				LD_RUNPATH_SEARCH_PATHS = "$(inherited) @executable_path/Frameworks @loader_path/Frameworks";
				PRODUCT_NAME = "$(TARGET_NAME)";
				TEST_HOST = "$(BUILT_PRODUCTS_DIR)/PitchPerfect.app/PitchPerfect";
			};
			name = Debug;
		};
		9813365E1B2867BB001780D4 /* Release */ = {
			isa = XCBuildConfiguration;
			buildSettings = {
				BUNDLE_LOADER = "$(TEST_HOST)";
				FRAMEWORK_SEARCH_PATHS = (
					"$(SDKROOT)/Developer/Library/Frameworks",
					"$(inherited)",
				);
				INFOPLIST_FILE = PitchPerfectTests/Info.plist;
				LD_RUNPATH_SEARCH_PATHS = "$(inherited) @executable_path/Frameworks @loader_path/Frameworks";
				PRODUCT_NAME = "$(TARGET_NAME)";
				TEST_HOST = "$(BUILT_PRODUCTS_DIR)/PitchPerfect.app/PitchPerfect";
			};
			name = Release;
		};
/* End XCBuildConfiguration section */

/* Begin XCConfigurationList section */
		981336351B2867BA001780D4 /* Build configuration list for PBXProject "PitchPerfect" */ = {
			isa = XCConfigurationList;
			buildConfigurations = (
				981336571B2867BB001780D4 /* Debug */,
				981336581B2867BB001780D4 /* Release */,
			);
			defaultConfigurationIsVisible = 0;
			defaultConfigurationName = Release;
		};
		981336591B2867BB001780D4 /* Build configuration list for PBXNativeTarget "PitchPerfect" */ = {
			isa = XCConfigurationList;
			buildConfigurations = (
				9813365A1B2867BB001780D4 /* Debug */,
				9813365B1B2867BB001780D4 /* Release */,
			);
			defaultConfigurationIsVisible = 0;
			defaultConfigurationName = Release;
		};
		9813365C1B2867BB001780D4 /* Build configuration list for PBXNativeTarget "PitchPerfectTests" */ = {
			isa = XCConfigurationList;
			buildConfigurations = (
				9813365D1B2867BB001780D4 /* Debug */,
				9813365E1B2867BB001780D4 /* Release */,
			);
			defaultConfigurationIsVisible = 0;
			defaultConfigurationName = Release;
		};
/* End XCConfigurationList section */
	};
	rootObject = 981336321B2867BA001780D4 /* Project object */;
}
